dependencies:
- name: kratos
  repository: https://k8s.ory.sh/helm/charts
  version: 0.61.0
- name: shortlink-template
  repository: oci://ghcr.io/shortlink-org/charts
  version: 0.12.2
digest: sha256:83cbdd834a8cff24417e5e17ba0638d39447d0de8e5c98dbdf98e12021d759c0
generated: "2026-04-03T17:43:48.83696157Z"
