dependencies:
- name: kratos
  repository: https://k8s.ory.sh/helm/charts
  version: 0.61.1
- name: shortlink-template
  repository: oci://ghcr.io/shortlink-org/charts
  version: 0.12.4
digest: sha256:be8e73cd77a5c9c21bfd653a559cd1f241dac026ef37d7208aba0bc9a0b14ab8
generated: "2026-04-12T12:14:37.802727927Z"
