dependencies:
- name: oathkeeper
  repository: https://k8s.ory.sh/helm/charts
  version: 0.61.1
- name: shortlink-template
  repository: oci://ghcr.io/shortlink-org/charts
  version: 0.12.4
digest: sha256:469437f49673bae08a280b469366fadc7091332ea0d467d5ef05c534255d68d5
generated: "2026-04-12T12:14:47.615120942Z"
