dependencies:
- name: oathkeeper
  repository: https://k8s.ory.sh/helm/charts
  version: 0.60.1
- name: shortlink-template
  repository: oci://ghcr.io/shortlink-org/charts
  version: 0.12.2
digest: sha256:f484e9183d10ec7106f13faeba0530b5daa4e52c5cb43095fb1e6bc8649e7485
generated: "2026-03-01T07:10:32.574863593Z"
