dependencies:
- name: oathkeeper
  repository: https://k8s.ory.sh/helm/charts
  version: 0.60.1
- name: shortlink-template
  repository: oci://ghcr.io/shortlink-org/charts
  version: 0.11.3
digest: sha256:10dd0f9195e27ef3f4d795549408518b9e9ad09b262618c6b2192052a4638749
generated: "2026-01-27T00:25:45.431286+02:00"
